
Microsoft Visual Studio Solution File, Format Version 12.00
Project("{FAE04EC0-301F-11D3-BF4B-00C04F79EFBC}") = "BYT_task3", "BYT_task3.csproj", "{B12A03A1-E0B1-4821-8C96-39E82297FF1B}"
EndProject
Global
	GlobalSection(SolutionConfigurationPlatforms) = preSolution
		Debug|Any CPU = Debug|Any CPU
		Release|Any CPU = Release|Any CPU
	EndGlobalSection
	GlobalSection(ProjectConfigurationPlatforms) = postSolution
		{B12A03A1-E0B1-4821-8C96-39E82297FF1B}.Debug|Any CPU.ActiveCfg = Debug|Any CPU
		{B12A03A1-E0B1-4821-8C96-39E82297FF1B}.Debug|Any CPU.Build.0 = Debug|Any CPU
		{B12A03A1-E0B1-4821-8C96-39E82297FF1B}.Release|Any CPU.ActiveCfg = Release|Any CPU
		{B12A03A1-E0B1-4821-8C96-39E82297FF1B}.Release|Any CPU.Build.0 = Release|Any CPU
	EndGlobalSection
EndGlobal
